// !$*UTF8*$!
{
	archiveVersion = 1;
	classes = {
	};
	objectVersion = 56;
	objects = {

/* Begin PBXBuildFile section */
		E757C4F52B89B72500298DA4 /* AppetizersApp.swift in Sources */ = {isa = PBXBuildFile; fileRef = E757C4F42B89B72500298DA4 /* AppetizersApp.swift */; };
		E757C4F72B89B72500298DA4 /* AppetizerTabView.swift in Sources */ = {isa = PBXBuildFile; fileRef = E757C4F62B89B72500298DA4 /* AppetizerTabView.swift */; };
		E757C4F92B89B72600298DA4 /* Assets.xcassets in Resources */ = {isa = PBXBuildFile; fileRef = E757C4F82B89B72600298DA4 /* Assets.xcassets */; };
		E757C4FD2B89B72600298DA4 /* Preview Assets.xcassets in Resources */ = {isa = PBXBuildFile; fileRef = E757C4FC2B89B72600298DA4 /* Preview Assets.xcassets */; };
		E757C5042B89B7A700298DA4 /* AppetizerListView.swift in Sources */ = {isa = PBXBuildFile; fileRef = E757C5032B89B7A700298DA4 /* AppetizerListView.swift */; };
		E757C5062B89B7B500298DA4 /* AccountView.swift in Sources */ = {isa = PBXBuildFile; fileRef = E757C5052B89B7B500298DA4 /* AccountView.swift */; };
		E757C5082B89B7C200298DA4 /* OrderView.swift in Sources */ = {isa = PBXBuildFile; fileRef = E757C5072B89B7C200298DA4 /* OrderView.swift */; };
		E757C50A2B89BDF700298DA4 /* Appetizer.swift in Sources */ = {isa = PBXBuildFile; fileRef = E757C5092B89BDF700298DA4 /* Appetizer.swift */; };
		E757C50C2B89C68500298DA4 /* AppetizerListItemView.swift in Sources */ = {isa = PBXBuildFile; fileRef = E757C50B2B89C68500298DA4 /* AppetizerListItemView.swift */; };
		E757C50E2B89C87600298DA4 /* NetworkManager.swift in Sources */ = {isa = PBXBuildFile; fileRef = E757C50D2B89C87600298DA4 /* NetworkManager.swift */; };
		E757C5102B89C97100298DA4 /* APError.swift in Sources */ = {isa = PBXBuildFile; fileRef = E757C50F2B89C97100298DA4 /* APError.swift */; };
		E757C5122B8A834400298DA4 /* AppetizerListViewModel.swift in Sources */ = {isa = PBXBuildFile; fileRef = E757C5112B8A834400298DA4 /* AppetizerListViewModel.swift */; };
		E757C5142B8A882100298DA4 /* AlertContext.swift in Sources */ = {isa = PBXBuildFile; fileRef = E757C5132B8A882100298DA4 /* AlertContext.swift */; };
		E757C5162B8A90A000298DA4 /* ActivityIndicator.swift in Sources */ = {isa = PBXBuildFile; fileRef = E757C5152B8A90A000298DA4 /* ActivityIndicator.swift */; };
		E757C51A2B8A97EA00298DA4 /* RemoteImageLoaderView.swift in Sources */ = {isa = PBXBuildFile; fileRef = E757C5192B8A97EA00298DA4 /* RemoteImageLoaderView.swift */; };
		E757C5202B8A9EC400298DA4 /* RemoteImageLoaderViewModel.swift in Sources */ = {isa = PBXBuildFile; fileRef = E757C51F2B8A9EC400298DA4 /* RemoteImageLoaderViewModel.swift */; };
		E757C5252B8AA04700298DA4 /* RemoteImage.swift in Sources */ = {isa = PBXBuildFile; fileRef = E757C5242B8AA04700298DA4 /* RemoteImage.swift */; };
		E757C52E2B8AACAC00298DA4 /* LoadingView.swift in Sources */ = {isa = PBXBuildFile; fileRef = E757C52D2B8AACAC00298DA4 /* LoadingView.swift */; };
		E757C5302B8AAD0100298DA4 /* AlertItem.swift in Sources */ = {isa = PBXBuildFile; fileRef = E757C52F2B8AAD0100298DA4 /* AlertItem.swift */; };
/* End PBXBuildFile section */

/* Begin PBXFileReference section */
		E757C4F12B89B72500298DA4 /* Appetizers.app */ = {isa = PBXFileReference; explicitFileType = wrapper.application; includeInIndex = 0; path = Appetizers.app; sourceTree = BUILT_PRODUCTS_DIR; };
		E757C4F42B89B72500298DA4 /* AppetizersApp.swift */ = {isa = PBXFileReference; lastKnownFileType = sourcecode.swift; path = AppetizersApp.swift; sourceTree = "<group>"; };
		E757C4F62B89B72500298DA4 /* AppetizerTabView.swift */ = {isa = PBXFileReference; lastKnownFileType = sourcecode.swift; path = AppetizerTabView.swift; sourceTree = "<group>"; };
		E757C4F82B89B72600298DA4 /* Assets.xcassets */ = {isa = PBXFileReference; lastKnownFileType = folder.assetcatalog; path = Assets.xcassets; sourceTree = "<group>"; };
		E757C4FA2B89B72600298DA4 /* Appetizers.entitlements */ = {isa = PBXFileReference; lastKnownFileType = text.plist.entitlements; path = Appetizers.entitlements; sourceTree = "<group>"; };
		E757C4FC2B89B72600298DA4 /* Preview Assets.xcassets */ = {isa = PBXFileReference; lastKnownFileType = folder.assetcatalog; path = "Preview Assets.xcassets"; sourceTree = "<group>"; };
		E757C5032B89B7A700298DA4 /* AppetizerListView.swift */ = {isa = PBXFileReference; lastKnownFileType = sourcecode.swift; path = AppetizerListView.swift; sourceTree = "<group>"; };
		E757C5052B89B7B500298DA4 /* AccountView.swift */ = {isa = PBXFileReference; lastKnownFileType = sourcecode.swift; path = AccountView.swift; sourceTree = "<group>"; };
		E757C5072B89B7C200298DA4 /* OrderView.swift */ = {isa = PBXFileReference; lastKnownFileType = sourcecode.swift; path = OrderView.swift; sourceTree = "<group>"; };
		E757C5092B89BDF700298DA4 /* Appetizer.swift */ = {isa = PBXFileReference; lastKnownFileType = sourcecode.swift; path = Appetizer.swift; sourceTree = "<group>"; };
		E757C50B2B89C68500298DA4 /* AppetizerListItemView.swift */ = {isa = PBXFileReference; lastKnownFileType = sourcecode.swift; path = AppetizerListItemView.swift; sourceTree = "<group>"; };
		E757C50D2B89C87600298DA4 /* NetworkManager.swift */ = {isa = PBXFileReference; lastKnownFileType = sourcecode.swift; path = NetworkManager.swift; sourceTree = "<group>"; };
		E757C50F2B89C97100298DA4 /* APError.swift */ = {isa = PBXFileReference; lastKnownFileType = sourcecode.swift; path = APError.swift; sourceTree = "<group>"; };
		E757C5112B8A834400298DA4 /* AppetizerListViewModel.swift */ = {isa = PBXFileReference; lastKnownFileType = sourcecode.swift; path = AppetizerListViewModel.swift; sourceTree = "<group>"; };
		E757C5132B8A882100298DA4 /* AlertContext.swift */ = {isa = PBXFileReference; lastKnownFileType = sourcecode.swift; path = AlertContext.swift; sourceTree = "<group>"; };
		E757C5152B8A90A000298DA4 /* ActivityIndicator.swift */ = {isa = PBXFileReference; lastKnownFileType = sourcecode.swift; path = ActivityIndicator.swift; sourceTree = "<group>"; };
		E757C5192B8A97EA00298DA4 /* RemoteImageLoaderView.swift */ = {isa = PBXFileReference; lastKnownFileType = sourcecode.swift; path = RemoteImageLoaderView.swift; sourceTree = "<group>"; };
		E757C51F2B8A9EC400298DA4 /* RemoteImageLoaderViewModel.swift */ = {isa = PBXFileReference; lastKnownFileType = sourcecode.swift; path = RemoteImageLoaderViewModel.swift; sourceTree = "<group>"; };
		E757C5242B8AA04700298DA4 /* RemoteImage.swift */ = {isa = PBXFileReference; lastKnownFileType = sourcecode.swift; path = RemoteImage.swift; sourceTree = "<group>"; };
		E757C52D2B8AACAC00298DA4 /* LoadingView.swift */ = {isa = PBXFileReference; lastKnownFileType = sourcecode.swift; path = LoadingView.swift; sourceTree = "<group>"; };
		E757C52F2B8AAD0100298DA4 /* AlertItem.swift */ = {isa = PBXFileReference; lastKnownFileType = sourcecode.swift; path = AlertItem.swift; sourceTree = "<group>"; };
/* End PBXFileReference section */

/* Begin PBXFrameworksBuildPhase section */
		E757C4EE2B89B72500298DA4 /* Frameworks */ = {
			isa = PBXFrameworksBuildPhase;
			buildActionMask = 2147483647;
			files = (
			);
			runOnlyForDeploymentPostprocessing = 0;
		};
/* End PBXFrameworksBuildPhase section */

/* Begin PBXGroup section */
		E757C4E82B89B72500298DA4 = {
			isa = PBXGroup;
			children = (
				E757C4F32B89B72500298DA4 /* Appetizers */,
				E757C4F22B89B72500298DA4 /* Products */,
			);
			sourceTree = "<group>";
		};
		E757C4F22B89B72500298DA4 /* Products */ = {
			isa = PBXGroup;
			children = (
				E757C4F12B89B72500298DA4 /* Appetizers.app */,
			);
			name = Products;
			sourceTree = "<group>";
		};
		E757C4F32B89B72500298DA4 /* Appetizers */ = {
			isa = PBXGroup;
			children = (
				E757C51B2B8A9E5800298DA4 /* Models */,
				E757C51E2B8A9E7600298DA4 /* Screens */,
				E757C5232B8A9F4F00298DA4 /* Services */,
				E757C5212B8A9F1700298DA4 /* Utilities */,
				E757C52A2B8AAAE400298DA4 /* Views */,
				E757C4F42B89B72500298DA4 /* AppetizersApp.swift */,
				E757C4F82B89B72600298DA4 /* Assets.xcassets */,
				E757C4FA2B89B72600298DA4 /* Appetizers.entitlements */,
				E757C4FB2B89B72600298DA4 /* Preview Content */,
			);
			path = Appetizers;
			sourceTree = "<group>";
		};
		E757C4FB2B89B72600298DA4 /* Preview Content */ = {
			isa = PBXGroup;
			children = (
				E757C4FC2B89B72600298DA4 /* Preview Assets.xcassets */,
			);
			path = "Preview Content";
			sourceTree = "<group>";
		};
		E757C51B2B8A9E5800298DA4 /* Models */ = {
			isa = PBXGroup;
			children = (
				E757C50F2B89C97100298DA4 /* APError.swift */,
				E757C5092B89BDF700298DA4 /* Appetizer.swift */,
				E757C5242B8AA04700298DA4 /* RemoteImage.swift */,
			);
			path = Models;
			sourceTree = "<group>";
		};
		E757C51E2B8A9E7600298DA4 /* Screens */ = {
			isa = PBXGroup;
			children = (
				E757C4F62B89B72500298DA4 /* AppetizerTabView.swift */,
				E757C5262B8AA89E00298DA4 /* Appetizer */,
				E757C5282B8AA8AD00298DA4 /* Account */,
				E757C5272B8AA8A600298DA4 /* Order */,
			);
			path = Screens;
			sourceTree = "<group>";
		};
		E757C5212B8A9F1700298DA4 /* Utilities */ = {
			isa = PBXGroup;
			children = (
				E757C5312B8AAD6000298DA4 /* Alerts */,
			);
			path = Utilities;
			sourceTree = "<group>";
		};
		E757C5222B8A9F3D00298DA4 /* UIKit Components */ = {
			isa = PBXGroup;
			children = (
				E757C5152B8A90A000298DA4 /* ActivityIndicator.swift */,
			);
			path = "UIKit Components";
			sourceTree = "<group>";
		};
		E757C5232B8A9F4F00298DA4 /* Services */ = {
			isa = PBXGroup;
			children = (
				E757C50D2B89C87600298DA4 /* NetworkManager.swift */,
			);
			path = Services;
			sourceTree = "<group>";
		};
		E757C5262B8AA89E00298DA4 /* Appetizer */ = {
			isa = PBXGroup;
			children = (
				E757C5112B8A834400298DA4 /* AppetizerListViewModel.swift */,
				E757C5032B89B7A700298DA4 /* AppetizerListView.swift */,
			);
			path = Appetizer;
			sourceTree = "<group>";
		};
		E757C5272B8AA8A600298DA4 /* Order */ = {
			isa = PBXGroup;
			children = (
				E757C5072B89B7C200298DA4 /* OrderView.swift */,
			);
			path = Order;
			sourceTree = "<group>";
		};
		E757C5282B8AA8AD00298DA4 /* Account */ = {
			isa = PBXGroup;
			children = (
				E757C5052B89B7B500298DA4 /* AccountView.swift */,
			);
			path = Account;
			sourceTree = "<group>";
		};
		E757C5292B8AA97900298DA4 /* Images */ = {
			isa = PBXGroup;
			children = (
				E757C51F2B8A9EC400298DA4 /* RemoteImageLoaderViewModel.swift */,
				E757C5192B8A97EA00298DA4 /* RemoteImageLoaderView.swift */,
			);
			path = Images;
			sourceTree = "<group>";
		};
		E757C52A2B8AAAE400298DA4 /* Views */ = {
			isa = PBXGroup;
			children = (
				E757C52C2B8AABE200298DA4 /* ListItems */,
				E757C5292B8AA97900298DA4 /* Images */,
				E757C5222B8A9F3D00298DA4 /* UIKit Components */,
				E757C52D2B8AACAC00298DA4 /* LoadingView.swift */,
			);
			path = Views;
			sourceTree = "<group>";
		};
		E757C52C2B8AABE200298DA4 /* ListItems */ = {
			isa = PBXGroup;
			children = (
				E757C50B2B89C68500298DA4 /* AppetizerListItemView.swift */,
			);
			path = ListItems;
			sourceTree = "<group>";
		};
		E757C5312B8AAD6000298DA4 /* Alerts */ = {
			isa = PBXGroup;
			children = (
				E757C52F2B8AAD0100298DA4 /* AlertItem.swift */,
				E757C5132B8A882100298DA4 /* AlertContext.swift */,
			);
			path = Alerts;
			sourceTree = "<group>";
		};
/* End PBXGroup section */

/* Begin PBXNativeTarget section */
		E757C4F02B89B72500298DA4 /* Appetizers */ = {
			isa = PBXNativeTarget;
			buildConfigurationList = E757C5002B89B72600298DA4 /* Build configuration list for PBXNativeTarget "Appetizers" */;
			buildPhases = (
				E757C4ED2B89B72500298DA4 /* Sources */,
				E757C4EE2B89B72500298DA4 /* Frameworks */,
				E757C4EF2B89B72500298DA4 /* Resources */,
			);
			buildRules = (
			);
			dependencies = (
			);
			name = Appetizers;
			productName = Appetizers;
			productReference = E757C4F12B89B72500298DA4 /* Appetizers.app */;
			productType = "com.apple.product-type.application";
		};
/* End PBXNativeTarget section */

/* Begin PBXProject section */
		E757C4E92B89B72500298DA4 /* Project object */ = {
			isa = PBXProject;
			attributes = {
				BuildIndependentTargetsInParallel = 1;
				LastSwiftUpdateCheck = 1520;
				LastUpgradeCheck = 1520;
				TargetAttributes = {
					E757C4F02B89B72500298DA4 = {
						CreatedOnToolsVersion = 15.2;
					};
				};
			};
			buildConfigurationList = E757C4EC2B89B72500298DA4 /* Build configuration list for PBXProject "Appetizers" */;
			compatibilityVersion = "Xcode 14.0";
			developmentRegion = en;
			hasScannedForEncodings = 0;
			knownRegions = (
				en,
				Base,
			);
			mainGroup = E757C4E82B89B72500298DA4;
			productRefGroup = E757C4F22B89B72500298DA4 /* Products */;
			projectDirPath = "";
			projectRoot = "";
			targets = (
				E757C4F02B89B72500298DA4 /* Appetizers */,
			);
		};
/* End PBXProject section */

/* Begin PBXResourcesBuildPhase section */
		E757C4EF2B89B72500298DA4 /* Resources */ = {
			isa = PBXResourcesBuildPhase;
			buildActionMask = 2147483647;
			files = (
				E757C4FD2B89B72600298DA4 /* Preview Assets.xcassets in Resources */,
				E757C4F92B89B72600298DA4 /* Assets.xcassets in Resources */,
			);
			runOnlyForDeploymentPostprocessing = 0;
		};
/* End PBXResourcesBuildPhase section */

/* Begin PBXSourcesBuildPhase section */
		E757C4ED2B89B72500298DA4 /* Sources */ = {
			isa = PBXSourcesBuildPhase;
			buildActionMask = 2147483647;
			files = (
				E757C50A2B89BDF700298DA4 /* Appetizer.swift in Sources */,
				E757C5102B89C97100298DA4 /* APError.swift in Sources */,
				E757C50C2B89C68500298DA4 /* AppetizerListItemView.swift in Sources */,
				E757C5252B8AA04700298DA4 /* RemoteImage.swift in Sources */,
				E757C5122B8A834400298DA4 /* AppetizerListViewModel.swift in Sources */,
				E757C52E2B8AACAC00298DA4 /* LoadingView.swift in Sources */,
				E757C5162B8A90A000298DA4 /* ActivityIndicator.swift in Sources */,
				E757C5062B89B7B500298DA4 /* AccountView.swift in Sources */,
				E757C51A2B8A97EA00298DA4 /* RemoteImageLoaderView.swift in Sources */,
				E757C4F72B89B72500298DA4 /* AppetizerTabView.swift in Sources */,
				E757C50E2B89C87600298DA4 /* NetworkManager.swift in Sources */,
				E757C5202B8A9EC400298DA4 /* RemoteImageLoaderViewModel.swift in Sources */,
				E757C5302B8AAD0100298DA4 /* AlertItem.swift in Sources */,
				E757C4F52B89B72500298DA4 /* AppetizersApp.swift in Sources */,
				E757C5142B8A882100298DA4 /* AlertContext.swift in Sources */,
				E757C5042B89B7A700298DA4 /* AppetizerListView.swift in Sources */,
				E757C5082B89B7C200298DA4 /* OrderView.swift in Sources */,
			);
			runOnlyForDeploymentPostprocessing = 0;
		};
/* End PBXSourcesBuildPhase section */

/* Begin XCBuildConfiguration section */
		E757C4FE2B89B72600298DA4 /* Debug */ = {
			isa = XCBuildConfiguration;
			buildSettings = {
				ALWAYS_SEARCH_USER_PATHS = NO;
				ASSETCATALOG_COMPILER_GENERATE_SWIFT_ASSET_SYMBOL_EXTENSIONS = YES;
				CLANG_ANALYZER_NONNULL = YES;
				CLANG_ANALYZER_NUMBER_OBJECT_CONVERSION = YES_AGGRESSIVE;
				CLANG_CXX_LANGUAGE_STANDARD = "gnu++20";
				CLANG_ENABLE_MODULES = YES;
				CLANG_ENABLE_OBJC_ARC = YES;
				CLANG_ENABLE_OBJC_WEAK = YES;
				CLANG_WARN_BLOCK_CAPTURE_AUTORELEASING = YES;
				CLANG_WARN_BOOL_CONVERSION = YES;
				CLANG_WARN_COMMA = YES;
				CLANG_WARN_CONSTANT_CONVERSION = YES;
				CLANG_WARN_DEPRECATED_OBJC_IMPLEMENTATIONS = YES;
				CLANG_WARN_DIRECT_OBJC_ISA_USAGE = YES_ERROR;
				CLANG_WARN_DOCUMENTATION_COMMENTS = YES;
				CLANG_WARN_EMPTY_BODY = YES;
				CLANG_WARN_ENUM_CONVERSION = YES;
				CLANG_WARN_INFINITE_RECURSION = YES;
				CLANG_WARN_INT_CONVERSION = YES;
				CLANG_WARN_NON_LITERAL_NULL_CONVERSION = YES;
				CLANG_WARN_OBJC_IMPLICIT_RETAIN_SELF = YES;
				CLANG_WARN_OBJC_LITERAL_CONVERSION = YES;
				CLANG_WARN_OBJC_ROOT_CLASS = YES_ERROR;
				CLANG_WARN_QUOTED_INCLUDE_IN_FRAMEWORK_HEADER = YES;
				CLANG_WARN_RANGE_LOOP_ANALYSIS = YES;
				CLANG_WARN_STRICT_PROTOTYPES = YES;
				CLANG_WARN_SUSPICIOUS_MOVE = YES;
				CLANG_WARN_UNGUARDED_AVAILABILITY = YES_AGGRESSIVE;
				CLANG_WARN_UNREACHABLE_CODE = YES;
				CLANG_WARN__DUPLICATE_METHOD_MATCH = YES;
				COPY_PHASE_STRIP = NO;
				DEBUG_INFORMATION_FORMAT = dwarf;
				ENABLE_STRICT_OBJC_MSGSEND = YES;
				ENABLE_TESTABILITY = YES;
				ENABLE_USER_SCRIPT_SANDBOXING = YES;
				GCC_C_LANGUAGE_STANDARD = gnu17;
				GCC_DYNAMIC_NO_PIC = NO;
				GCC_NO_COMMON_BLOCKS = YES;
				GCC_OPTIMIZATION_LEVEL = 0;
				GCC_PREPROCESSOR_DEFINITIONS = (
					"DEBUG=1",
					"$(inherited)",
				);
				GCC_WARN_64_TO_32_BIT_CONVERSION = YES;
				GCC_WARN_ABOUT_RETURN_TYPE = YES_ERROR;
				GCC_WARN_UNDECLARED_SELECTOR = YES;
				GCC_WARN_UNINITIALIZED_AUTOS = YES_AGGRESSIVE;
				GCC_WARN_UNUSED_FUNCTION = YES;
				GCC_WARN_UNUSED_VARIABLE = YES;
				LOCALIZATION_PREFERS_STRING_CATALOGS = YES;
				MTL_ENABLE_DEBUG_INFO = INCLUDE_SOURCE;
				MTL_FAST_MATH = YES;
				ONLY_ACTIVE_ARCH = YES;
				SWIFT_ACTIVE_COMPILATION_CONDITIONS = "DEBUG $(inherited)";
				SWIFT_OPTIMIZATION_LEVEL = "-Onone";
			};
			name = Debug;
		};
		E757C4FF2B89B72600298DA4 /* Release */ = {
			isa = XCBuildConfiguration;
			buildSettings = {
				ALWAYS_SEARCH_USER_PATHS = NO;
				ASSETCATALOG_COMPILER_GENERATE_SWIFT_ASSET_SYMBOL_EXTENSIONS = YES;
				CLANG_ANALYZER_NONNULL = YES;
				CLANG_ANALYZER_NUMBER_OBJECT_CONVERSION = YES_AGGRESSIVE;
				CLANG_CXX_LANGUAGE_STANDARD = "gnu++20";
				CLANG_ENABLE_MODULES = YES;
				CLANG_ENABLE_OBJC_ARC = YES;
				CLANG_ENABLE_OBJC_WEAK = YES;
				CLANG_WARN_BLOCK_CAPTURE_AUTORELEASING = YES;
				CLANG_WARN_BOOL_CONVERSION = YES;
				CLANG_WARN_COMMA = YES;
				CLANG_WARN_CONSTANT_CONVERSION = YES;
				CLANG_WARN_DEPRECATED_OBJC_IMPLEMENTATIONS = YES;
				CLANG_WARN_DIRECT_OBJC_ISA_USAGE = YES_ERROR;
				CLANG_WARN_DOCUMENTATION_COMMENTS = YES;
				CLANG_WARN_EMPTY_BODY = YES;
				CLANG_WARN_ENUM_CONVERSION = YES;
				CLANG_WARN_INFINITE_RECURSION = YES;
				CLANG_WARN_INT_CONVERSION = YES;
				CLANG_WARN_NON_LITERAL_NULL_CONVERSION = YES;
				CLANG_WARN_OBJC_IMPLICIT_RETAIN_SELF = YES;
				CLANG_WARN_OBJC_LITERAL_CONVERSION = YES;
				CLANG_WARN_OBJC_ROOT_CLASS = YES_ERROR;
				CLANG_WARN_QUOTED_INCLUDE_IN_FRAMEWORK_HEADER = YES;
				CLANG_WARN_RANGE_LOOP_ANALYSIS = YES;
				CLANG_WARN_STRICT_PROTOTYPES = YES;
				CLANG_WARN_SUSPICIOUS_MOVE = YES;
				CLANG_WARN_UNGUARDED_AVAILABILITY = YES_AGGRESSIVE;
				CLANG_WARN_UNREACHABLE_CODE = YES;
				CLANG_WARN__DUPLICATE_METHOD_MATCH = YES;
				COPY_PHASE_STRIP = NO;
				DEBUG_INFORMATION_FORMAT = "dwarf-with-dsym";
				ENABLE_NS_ASSERTIONS = NO;
				ENABLE_STRICT_OBJC_MSGSEND = YES;
				ENABLE_USER_SCRIPT_SANDBOXING = YES;
				GCC_C_LANGUAGE_STANDARD = gnu17;
				GCC_NO_COMMON_BLOCKS = YES;
				GCC_WARN_64_TO_32_BIT_CONVERSION = YES;
				GCC_WARN_ABOUT_RETURN_TYPE = YES_ERROR;
				GCC_WARN_UNDECLARED_SELECTOR = YES;
				GCC_WARN_UNINITIALIZED_AUTOS = YES_AGGRESSIVE;
				GCC_WARN_UNUSED_FUNCTION = YES;
				GCC_WARN_UNUSED_VARIABLE = YES;
				LOCALIZATION_PREFERS_STRING_CATALOGS = YES;
				MTL_ENABLE_DEBUG_INFO = NO;
				MTL_FAST_MATH = YES;
				SWIFT_COMPILATION_MODE = wholemodule;
			};
			name = Release;
		};
		E757C5012B89B72600298DA4 /* Debug */ = {
			isa = XCBuildConfiguration;
			buildSettings = {
				ASSETCATALOG_COMPILER_APPICON_NAME = AppIcon;
				ASSETCATALOG_COMPILER_GLOBAL_ACCENT_COLOR_NAME = AccentColor;
				CODE_SIGN_ENTITLEMENTS = Appetizers/Appetizers.entitlements;
				CODE_SIGN_STYLE = Automatic;
				CURRENT_PROJECT_VERSION = 1;
				DEVELOPMENT_ASSET_PATHS = "\"Appetizers/Preview Content\"";
				DEVELOPMENT_TEAM = FF456UPZWC;
				ENABLE_HARDENED_RUNTIME = YES;
				ENABLE_PREVIEWS = YES;
				GENERATE_INFOPLIST_FILE = YES;
				"INFOPLIST_KEY_UIApplicationSceneManifest_Generation[sdk=iphoneos*]" = YES;
				"INFOPLIST_KEY_UIApplicationSceneManifest_Generation[sdk=iphonesimulator*]" = YES;
				"INFOPLIST_KEY_UIApplicationSupportsIndirectInputEvents[sdk=iphoneos*]" = YES;
				"INFOPLIST_KEY_UIApplicationSupportsIndirectInputEvents[sdk=iphonesimulator*]" = YES;
				"INFOPLIST_KEY_UILaunchScreen_Generation[sdk=iphoneos*]" = YES;
				"INFOPLIST_KEY_UILaunchScreen_Generation[sdk=iphonesimulator*]" = YES;
				"INFOPLIST_KEY_UIStatusBarStyle[sdk=iphoneos*]" = UIStatusBarStyleDefault;
				"INFOPLIST_KEY_UIStatusBarStyle[sdk=iphonesimulator*]" = UIStatusBarStyleDefault;
				INFOPLIST_KEY_UISupportedInterfaceOrientations_iPad = "UIInterfaceOrientationPortrait UIInterfaceOrientationPortraitUpsideDown UIInterfaceOrientationLandscapeLeft UIInterfaceOrientationLandscapeRight";
				INFOPLIST_KEY_UISupportedInterfaceOrientations_iPhone = "UIInterfaceOrientationPortrait UIInterfaceOrientationLandscapeLeft UIInterfaceOrientationLandscapeRight";
				IPHONEOS_DEPLOYMENT_TARGET = 17.2;
				LD_RUNPATH_SEARCH_PATHS = "@executable_path/Frameworks";
				"LD_RUNPATH_SEARCH_PATHS[sdk=macosx*]" = "@executable_path/../Frameworks";
				MACOSX_DEPLOYMENT_TARGET = 14.2;
				MARKETING_VERSION = 1.0;
				PRODUCT_BUNDLE_IDENTIFIER = Bussboy.Appetizers;
				PRODUCT_NAME = "$(TARGET_NAME)";
				SDKROOT = auto;
				SUPPORTED_PLATFORMS = "iphoneos iphonesimulator";
				SUPPORTS_MACCATALYST = NO;
				SWIFT_EMIT_LOC_STRINGS = YES;
				SWIFT_VERSION = 5.0;
				TARGETED_DEVICE_FAMILY = "1,2";
			};
			name = Debug;
		};
		E757C5022B89B72600298DA4 /* Release */ = {
			isa = XCBuildConfiguration;
			buildSettings = {
				ASSETCATALOG_COMPILER_APPICON_NAME = AppIcon;
				ASSETCATALOG_COMPILER_GLOBAL_ACCENT_COLOR_NAME = AccentColor;
				CODE_SIGN_ENTITLEMENTS = Appetizers/Appetizers.entitlements;
				CODE_SIGN_STYLE = Automatic;
				CURRENT_PROJECT_VERSION = 1;
				DEVELOPMENT_ASSET_PATHS = "\"Appetizers/Preview Content\"";
				DEVELOPMENT_TEAM = FF456UPZWC;
				ENABLE_HARDENED_RUNTIME = YES;
				ENABLE_PREVIEWS = YES;
				GENERATE_INFOPLIST_FILE = YES;
				"INFOPLIST_KEY_UIApplicationSceneManifest_Generation[sdk=iphoneos*]" = YES;
				"INFOPLIST_KEY_UIApplicationSceneManifest_Generation[sdk=iphonesimulator*]" = YES;
				"INFOPLIST_KEY_UIApplicationSupportsIndirectInputEvents[sdk=iphoneos*]" = YES;
				"INFOPLIST_KEY_UIApplicationSupportsIndirectInputEvents[sdk=iphonesimulator*]" = YES;
				"INFOPLIST_KEY_UILaunchScreen_Generation[sdk=iphoneos*]" = YES;
				"INFOPLIST_KEY_UILaunchScreen_Generation[sdk=iphonesimulator*]" = YES;
				"INFOPLIST_KEY_UIStatusBarStyle[sdk=iphoneos*]" = UIStatusBarStyleDefault;
				"INFOPLIST_KEY_UIStatusBarStyle[sdk=iphonesimulator*]" = UIStatusBarStyleDefault;
				INFOPLIST_KEY_UISupportedInterfaceOrientations_iPad = "UIInterfaceOrientationPortrait UIInterfaceOrientationPortraitUpsideDown UIInterfaceOrientationLandscapeLeft UIInterfaceOrientationLandscapeRight";
				INFOPLIST_KEY_UISupportedInterfaceOrientations_iPhone = "UIInterfaceOrientationPortrait UIInterfaceOrientationLandscapeLeft UIInterfaceOrientationLandscapeRight";
				IPHONEOS_DEPLOYMENT_TARGET = 17.2;
				LD_RUNPATH_SEARCH_PATHS = "@executable_path/Frameworks";
				"LD_RUNPATH_SEARCH_PATHS[sdk=macosx*]" = "@executable_path/../Frameworks";
				MACOSX_DEPLOYMENT_TARGET = 14.2;
				MARKETING_VERSION = 1.0;
				PRODUCT_BUNDLE_IDENTIFIER = Bussboy.Appetizers;
				PRODUCT_NAME = "$(TARGET_NAME)";
				SDKROOT = auto;
				SUPPORTED_PLATFORMS = "iphoneos iphonesimulator";
				SUPPORTS_MACCATALYST = NO;
				SWIFT_EMIT_LOC_STRINGS = YES;
				SWIFT_VERSION = 5.0;
				TARGETED_DEVICE_FAMILY = "1,2";
			};
			name = Release;
		};
/* End XCBuildConfiguration section */

/* Begin XCConfigurationList section */
		E757C4EC2B89B72500298DA4 /* Build configuration list for PBXProject "Appetizers" */ = {
			isa = XCConfigurationList;
			buildConfigurations = (
				E757C4FE2B89B72600298DA4 /* Debug */,
				E757C4FF2B89B72600298DA4 /* Release */,
			);
			defaultConfigurationIsVisible = 0;
			defaultConfigurationName = Release;
		};
		E757C5002B89B72600298DA4 /* Build configuration list for PBXNativeTarget "Appetizers" */ = {
			isa = XCConfigurationList;
			buildConfigurations = (
				E757C5012B89B72600298DA4 /* Debug */,
				E757C5022B89B72600298DA4 /* Release */,
			);
			defaultConfigurationIsVisible = 0;
			defaultConfigurationName = Release;
		};
/* End XCConfigurationList section */
	};
	rootObject = E757C4E92B89B72500298DA4 /* Project object */;
}
